
Microsoft Visual Studio Solution File, Format Version 12.00
# Visual Studio Version 16
VisualStudioVersion = 16.0.30503.244
MinimumVisualStudioVersion = 10.0.40219.1
Project("{FAE04EC0-301F-11D3-BF4B-00C04F79EFBC}") = "quiz", "quiz\quiz.csproj", "{1F5716B7-8EAA-4373-80E5-73B1B253EDDF}"
EndProject
Global
	GlobalSection(SolutionConfigurationPlatforms) = preSolution
		Debug|Any CPU = Debug|Any CPU
		Release|Any CPU = Release|Any CPU
	EndGlobalSection
	GlobalSection(ProjectConfigurationPlatforms) = postSolution
		{1F5716B7-8EAA-4373-80E5-73B1B253EDDF}.Debug|Any CPU.ActiveCfg = Debug|Any CPU
		{1F5716B7-8EAA-4373-80E5-73B1B253EDDF}.Debug|Any CPU.Build.0 = Debug|Any CPU
		{1F5716B7-8EAA-4373-80E5-73B1B253EDDF}.Release|Any CPU.ActiveCfg = Release|Any CPU
		{1F5716B7-8EAA-4373-80E5-73B1B253EDDF}.Release|Any CPU.Build.0 = Release|Any CPU
	EndGlobalSection
	GlobalSection(SolutionProperties) = preSolution
		HideSolutionNode = FALSE
	EndGlobalSection
	GlobalSection(ExtensibilityGlobals) = postSolution
		SolutionGuid = {6E18FD52-52B6-49D5-A37C-7E4493C758F0}
	EndGlobalSection
EndGlobal
